
Microsoft Visual Studio Solution File, Format Version 12.00
# Visual Studio Version 17
VisualStudioVersion = 17.5.33502.453
MinimumVisualStudioVersion = 10.0.40219.1
Project("{FAE04EC0-301F-11D3-BF4B-00C04F79EFBC}") = "app", "app\app.csproj", "{1A3A113E-742C-419B-AE03-B108E14C2597}"
EndProject
Global
	GlobalSection(SolutionConfigurationPlatforms) = preSolution
		Debug|Any CPU = Debug|Any CPU
		Release|Any CPU = Release|Any CPU
	EndGlobalSection
	GlobalSection(ProjectConfigurationPlatforms) = postSolution
		{1A3A113E-742C-419B-AE03-B108E14C2597}.Debug|Any CPU.ActiveCfg = Debug|Any CPU
		{1A3A113E-742C-419B-AE03-B108E14C2597}.Debug|Any CPU.Build.0 = Debug|Any CPU
		{1A3A113E-742C-419B-AE03-B108E14C2597}.Release|Any CPU.ActiveCfg = Release|Any CPU
		{1A3A113E-742C-419B-AE03-B108E14C2597}.Release|Any CPU.Build.0 = Release|Any CPU
	EndGlobalSection
	GlobalSection(SolutionProperties) = preSolution
		HideSolutionNode = FALSE
	EndGlobalSection
	GlobalSection(ExtensibilityGlobals) = postSolution
		SolutionGuid = {50752DFF-07FA-47E2-B2F8-D04DA38616A2}
	EndGlobalSection
EndGlobal
