
Microsoft Visual Studio Solution File, Format Version 12.00
# Visual Studio Version 17
VisualStudioVersion = 17.5.33502.453
MinimumVisualStudioVersion = 10.0.40219.1
Project("{9A19103F-16F7-4668-BE54-9A1E7A4F7556}") = "3codes", "areatrianglecalculator\3codes.csproj", "{08CFD82F-A252-4AB8-BF30-8D72CEA73F27}"
EndProject
Global
	GlobalSection(SolutionConfigurationPlatforms) = preSolution
		Debug|Any CPU = Debug|Any CPU
		Release|Any CPU = Release|Any CPU
	EndGlobalSection
	GlobalSection(ProjectConfigurationPlatforms) = postSolution
		{08CFD82F-A252-4AB8-BF30-8D72CEA73F27}.Debug|Any CPU.ActiveCfg = Debug|Any CPU
		{08CFD82F-A252-4AB8-BF30-8D72CEA73F27}.Debug|Any CPU.Build.0 = Debug|Any CPU
		{08CFD82F-A252-4AB8-BF30-8D72CEA73F27}.Release|Any CPU.ActiveCfg = Release|Any CPU
		{08CFD82F-A252-4AB8-BF30-8D72CEA73F27}.Release|Any CPU.Build.0 = Release|Any CPU
	EndGlobalSection
	GlobalSection(SolutionProperties) = preSolution
		HideSolutionNode = FALSE
	EndGlobalSection
	GlobalSection(ExtensibilityGlobals) = postSolution
		SolutionGuid = {4EEB0E2D-899B-444F-A6B2-FAB0BC0A8AF8}
	EndGlobalSection
EndGlobal
